
Microsoft Visual Studio Solution File, Format Version 12.00
# Visual Studio Version 16
VisualStudioVersion = 16.0.30330.147
MinimumVisualStudioVersion = 10.0.40219.1
Project("{8BC9CEB8-8B4A-11D0-8D11-00A0C91BC942}") = "leetcode_no3_无重复最长子串_w1", "leetcode_no3_无重复最长子串_w1.vcxproj", "{308FAD80-5266-4039-9988-2A57E56A368D}"
EndProject
Global
	GlobalSection(SolutionConfigurationPlatforms) = preSolution
		Debug|x64 = Debug|x64
		Debug|x86 = Debug|x86
		Release|x64 = Release|x64
		Release|x86 = Release|x86
	EndGlobalSection
	GlobalSection(ProjectConfigurationPlatforms) = postSolution
		{308FAD80-5266-4039-9988-2A57E56A368D}.Debug|x64.ActiveCfg = Debug|x64
		{308FAD80-5266-4039-9988-2A57E56A368D}.Debug|x64.Build.0 = Debug|x64
		{308FAD80-5266-4039-9988-2A57E56A368D}.Debug|x86.ActiveCfg = Debug|Win32
		{308FAD80-5266-4039-9988-2A57E56A368D}.Debug|x86.Build.0 = Debug|Win32
		{308FAD80-5266-4039-9988-2A57E56A368D}.Release|x64.ActiveCfg = Release|x64
		{308FAD80-5266-4039-9988-2A57E56A368D}.Release|x64.Build.0 = Release|x64
		{308FAD80-5266-4039-9988-2A57E56A368D}.Release|x86.ActiveCfg = Release|Win32
		{308FAD80-5266-4039-9988-2A57E56A368D}.Release|x86.Build.0 = Release|Win32
	EndGlobalSection
	GlobalSection(SolutionProperties) = preSolution
		HideSolutionNode = FALSE
	EndGlobalSection
	GlobalSection(ExtensibilityGlobals) = postSolution
		SolutionGuid = {CCBBB9D0-AADA-492E-A6FF-89300E8DE4C6}
	EndGlobalSection
EndGlobal
